
Microsoft Visual Studio Solution File, Format Version 12.00
# Visual Studio 15
VisualStudioVersion = 15.0.28010.2003
MinimumVisualStudioVersion = 10.0.40219.1
Project("{FAE04EC0-301F-11D3-BF4B-00C04F79EFBC}") = "PeopleManagementMVVM", "PeopleManagementMVVM\PeopleManagementMVVM.csproj", "{B3FBB10B-F553-4359-9FB5-EC519EF36109}"
EndProject
Project("{FAE04EC0-301F-11D3-BF4B-00C04F79EFBC}") = "UnitTestProject1", "UnitTestProject1\UnitTestProject1.csproj", "{295C3D85-BA6E-481E-92D7-11F9525B9088}"
EndProject
Global
	GlobalSection(SolutionConfigurationPlatforms) = preSolution
		Debug|Any CPU = Debug|Any CPU
		Release|Any CPU = Release|Any CPU
	EndGlobalSection
	GlobalSection(ProjectConfigurationPlatforms) = postSolution
		{B3FBB10B-F553-4359-9FB5-EC519EF36109}.Debug|Any CPU.ActiveCfg = Debug|Any CPU
		{B3FBB10B-F553-4359-9FB5-EC519EF36109}.Debug|Any CPU.Build.0 = Debug|Any CPU
		{B3FBB10B-F553-4359-9FB5-EC519EF36109}.Release|Any CPU.ActiveCfg = Release|Any CPU
		{B3FBB10B-F553-4359-9FB5-EC519EF36109}.Release|Any CPU.Build.0 = Release|Any CPU
		{295C3D85-BA6E-481E-92D7-11F9525B9088}.Debug|Any CPU.ActiveCfg = Debug|Any CPU
		{295C3D85-BA6E-481E-92D7-11F9525B9088}.Debug|Any CPU.Build.0 = Debug|Any CPU
		{295C3D85-BA6E-481E-92D7-11F9525B9088}.Release|Any CPU.ActiveCfg = Release|Any CPU
		{295C3D85-BA6E-481E-92D7-11F9525B9088}.Release|Any CPU.Build.0 = Release|Any CPU
	EndGlobalSection
	GlobalSection(SolutionProperties) = preSolution
		HideSolutionNode = FALSE
	EndGlobalSection
	GlobalSection(ExtensibilityGlobals) = postSolution
		SolutionGuid = {FA568146-F93B-4856-9F6D-B0046B85C325}
	EndGlobalSection
EndGlobal
